# THIS IS AN AUTOGENERATED FILE. DO NOT EDIT THIS FILE DIRECTLY.
# yarn lockfile v1


fp-ts@^2.5.3:
  version "2.5.3"
  resolved "https://registry.yarnpkg.com/fp-ts/-/fp-ts-2.5.3.tgz#7f09cc7f3e09623c6ade303d98a2cccdb2cc861f"
  integrity sha512-lQd+hahLd8cygNoXbEHDjH/cbF6XVWlEPb8h5GXXlozjCSDxWgclvkpOoTRfBA0P+r69l9VvW1nEsSGIJRQpWw==
